
Microsoft Visual Studio Solution File, Format Version 12.00
# Visual Studio 14
VisualStudioVersion = 14.0.25420.1
MinimumVisualStudioVersion = 10.0.40219.1
Project("{FAE04EC0-301F-11D3-BF4B-00C04F79EFBC}") = "CipherManager.Core", "CipherManager.Core\CipherManager.Core.csproj", "{7C873E13-534E-4A00-80B5-5051D914D02E}"
EndProject
Project("{FAE04EC0-301F-11D3-BF4B-00C04F79EFBC}") = "CipherManager", "CipherManager\CipherManager.csproj", "{80419AB7-54AB-4673-9A9A-474AFFE7A10C}"
EndProject
Project("{FAE04EC0-301F-11D3-BF4B-00C04F79EFBC}") = "CipherManager.Core.Tests", "CipherManager.Core.Tests\CipherManager.Core.Tests.csproj", "{169CE0B4-E46F-4545-9EE9-3BA78A366790}"
EndProject
Global
	GlobalSection(SolutionConfigurationPlatforms) = preSolution
		Debug|Any CPU = Debug|Any CPU
		Release|Any CPU = Release|Any CPU
	EndGlobalSection
	GlobalSection(ProjectConfigurationPlatforms) = postSolution
		{7C873E13-534E-4A00-80B5-5051D914D02E}.Debug|Any CPU.ActiveCfg = Debug|Any CPU
		{7C873E13-534E-4A00-80B5-5051D914D02E}.Debug|Any CPU.Build.0 = Debug|Any CPU
		{7C873E13-534E-4A00-80B5-5051D914D02E}.Release|Any CPU.ActiveCfg = Release|Any CPU
		{7C873E13-534E-4A00-80B5-5051D914D02E}.Release|Any CPU.Build.0 = Release|Any CPU
		{80419AB7-54AB-4673-9A9A-474AFFE7A10C}.Debug|Any CPU.ActiveCfg = Debug|Any CPU
		{80419AB7-54AB-4673-9A9A-474AFFE7A10C}.Debug|Any CPU.Build.0 = Debug|Any CPU
		{80419AB7-54AB-4673-9A9A-474AFFE7A10C}.Release|Any CPU.ActiveCfg = Release|Any CPU
		{80419AB7-54AB-4673-9A9A-474AFFE7A10C}.Release|Any CPU.Build.0 = Release|Any CPU
		{169CE0B4-E46F-4545-9EE9-3BA78A366790}.Debug|Any CPU.ActiveCfg = Debug|Any CPU
		{169CE0B4-E46F-4545-9EE9-3BA78A366790}.Debug|Any CPU.Build.0 = Debug|Any CPU
		{169CE0B4-E46F-4545-9EE9-3BA78A366790}.Release|Any CPU.ActiveCfg = Release|Any CPU
		{169CE0B4-E46F-4545-9EE9-3BA78A366790}.Release|Any CPU.Build.0 = Release|Any CPU
	EndGlobalSection
	GlobalSection(SolutionProperties) = preSolution
		HideSolutionNode = FALSE
	EndGlobalSection
EndGlobal
